
Microsoft Visual Studio Solution File, Format Version 12.00
# Visual Studio Version 17
VisualStudioVersion = 17.2.32616.157
MinimumVisualStudioVersion = 10.0.40219.1
Project("{FAE04EC0-301F-11D3-BF4B-00C04F79EFBC}") = "SchoolWeb", "SchoolWeb\SchoolWeb.csproj", "{A3447378-0803-4750-9385-597DE57D9E95}"
EndProject
Global
	GlobalSection(SolutionConfigurationPlatforms) = preSolution
		Debug|Any CPU = Debug|Any CPU
		Release|Any CPU = Release|Any CPU
	EndGlobalSection
	GlobalSection(ProjectConfigurationPlatforms) = postSolution
		{A3447378-0803-4750-9385-597DE57D9E95}.Debug|Any CPU.ActiveCfg = Debug|Any CPU
		{A3447378-0803-4750-9385-597DE57D9E95}.Debug|Any CPU.Build.0 = Debug|Any CPU
		{A3447378-0803-4750-9385-597DE57D9E95}.Release|Any CPU.ActiveCfg = Release|Any CPU
		{A3447378-0803-4750-9385-597DE57D9E95}.Release|Any CPU.Build.0 = Release|Any CPU
	EndGlobalSection
	GlobalSection(SolutionProperties) = preSolution
		HideSolutionNode = FALSE
	EndGlobalSection
	GlobalSection(ExtensibilityGlobals) = postSolution
		SolutionGuid = {402ADDBA-CE05-4E2E-83B9-9BAA43C9282A}
	EndGlobalSection
EndGlobal
